dependencies:
- name: hono
  repository: https://eclipse.org/packages/charts/
  version: ~1.8.0
- name: ditto
  repository: https://eclipse.org/packages/charts/
  version: ~2.0.1
digest: sha256:7d384c362bcaa6b5d873f3ca61a045f95448008cd90a3967153b28f49a141309
generated: "2021-06-01T01:07:43.404378777-05:00"
